// !$*UTF8*$!
{
	archiveVersion = 1;
	classes = {
	};
	objectVersion = 55;
	objects = {

/* Begin PBXBuildFile section */
		FC3FD9CC280C82750057DBAB /* SignUp.storyboard in Resources */ = {isa = PBXBuildFile; fileRef = FCBAC918280C80570033A055 /* SignUp.storyboard */; };
		FC3FD9CD280C82810057DBAB /* Month.storyboard in Resources */ = {isa = PBXBuildFile; fileRef = FCBAC917280C80560033A055 /* Month.storyboard */; };
		FC3FD9CF280C83170057DBAB /* Settings.storyboard in Resources */ = {isa = PBXBuildFile; fileRef = FC3FD9CE280C83170057DBAB /* Settings.storyboard */; };
		FC3FD9D1280C841C0057DBAB /* MonthView.swift in Sources */ = {isa = PBXBuildFile; fileRef = FC3FD9D0280C841C0057DBAB /* MonthView.swift */; };
		FC3FD9D3280C84360057DBAB /* MonthPresenter.swift in Sources */ = {isa = PBXBuildFile; fileRef = FC3FD9D2280C84360057DBAB /* MonthPresenter.swift */; };
		FC3FD9D5280C846F0057DBAB /* SettingsModel.swift in Sources */ = {isa = PBXBuildFile; fileRef = FC3FD9D4280C846F0057DBAB /* SettingsModel.swift */; };
		FC3FD9D7280C84AB0057DBAB /* MonthModel.swift in Sources */ = {isa = PBXBuildFile; fileRef = FC3FD9D6280C84AB0057DBAB /* MonthModel.swift */; };
		FC3FD9D9280C856C0057DBAB /* SettingsView.swift in Sources */ = {isa = PBXBuildFile; fileRef = FC3FD9D8280C856C0057DBAB /* SettingsView.swift */; };
		FC3FD9DB280C85780057DBAB /* SettingsPresenter.swift in Sources */ = {isa = PBXBuildFile; fileRef = FC3FD9DA280C85780057DBAB /* SettingsPresenter.swift */; };
		FC3FD9DD280C89F90057DBAB /* NetworkModule.swift in Sources */ = {isa = PBXBuildFile; fileRef = FC3FD9DC280C89F90057DBAB /* NetworkModule.swift */; };
		FC3FD9E2280DF3120057DBAB /* Realm in Frameworks */ = {isa = PBXBuildFile; productRef = FC3FD9E1280DF3120057DBAB /* Realm */; };
		FC3FD9E4280DF3120057DBAB /* RealmSwift in Frameworks */ = {isa = PBXBuildFile; productRef = FC3FD9E3280DF3120057DBAB /* RealmSwift */; };
		FC3FD9E6280DF5B00057DBAB /* DatabaseModule.swift in Sources */ = {isa = PBXBuildFile; fileRef = FC3FD9E5280DF5B00057DBAB /* DatabaseModule.swift */; };
		FC4FA79327FA157700483FEF /* Main.storyboard in Resources */ = {isa = PBXBuildFile; fileRef = FC4FA79127FA157700483FEF /* Main.storyboard */; };
		FC4FA79527FA157800483FEF /* Assets.xcassets in Resources */ = {isa = PBXBuildFile; fileRef = FC4FA79427FA157800483FEF /* Assets.xcassets */; };
		FC518D3C27FA34D1009552F6 /* AppUtility.swift in Sources */ = {isa = PBXBuildFile; fileRef = FC518D3B27FA34D1009552F6 /* AppUtility.swift */; };
		FC6EE1F027FC67DF000DFC1D /* LoginView.swift in Sources */ = {isa = PBXBuildFile; fileRef = FC6EE1EF27FC67DF000DFC1D /* LoginView.swift */; };
		FC6EE1F327FC681A000DFC1D /* LoginPresenter.swift in Sources */ = {isa = PBXBuildFile; fileRef = FC6EE1F227FC681A000DFC1D /* LoginPresenter.swift */; };
		FC6EE1F727FC6876000DFC1D /* LoginModel.swift in Sources */ = {isa = PBXBuildFile; fileRef = FC6EE1F627FC6876000DFC1D /* LoginModel.swift */; };
		FC6EE1F927FC70E0000DFC1D /* SceneDelegate.swift in Sources */ = {isa = PBXBuildFile; fileRef = FC6EE1F827FC70E0000DFC1D /* SceneDelegate.swift */; };
		FC74AC622817E511008FA4C8 /* FSCalendar in Frameworks */ = {isa = PBXBuildFile; productRef = FC74AC612817E511008FA4C8 /* FSCalendar */; };
		FC89DD98282AF49E00FEE085 /* SwiftyVK.framework in Frameworks */ = {isa = PBXBuildFile; fileRef = FC89DD97282AF49E00FEE085 /* SwiftyVK.framework */; };
		FC89DD99282AF49E00FEE085 /* SwiftyVK.framework in Embed Frameworks */ = {isa = PBXBuildFile; fileRef = FC89DD97282AF49E00FEE085 /* SwiftyVK.framework */; settings = {ATTRIBUTES = (CodeSignOnCopy, RemoveHeadersOnCopy, ); }; };
		FC89DD9C282C413E00FEE085 /* Hasher.swift in Sources */ = {isa = PBXBuildFile; fileRef = FC89DD9B282C413E00FEE085 /* Hasher.swift */; };
		FCA8771C281EF8D100B23CD6 /* SingleDay.storyboard in Resources */ = {isa = PBXBuildFile; fileRef = FCA8771B281EF8D100B23CD6 /* SingleDay.storyboard */; };
		FCA8771E281EF8DE00B23CD6 /* SingleDayView.swift in Sources */ = {isa = PBXBuildFile; fileRef = FCA8771D281EF8DE00B23CD6 /* SingleDayView.swift */; };
		FCA87722281EF9B700B23CD6 /* SingleDayPresenter.swift in Sources */ = {isa = PBXBuildFile; fileRef = FCA87721281EF9B700B23CD6 /* SingleDayPresenter.swift */; };
		FCA87724281EF9C800B23CD6 /* SingleDayModel.swift in Sources */ = {isa = PBXBuildFile; fileRef = FCA87723281EF9C800B23CD6 /* SingleDayModel.swift */; };
		FCA87726281F315000B23CD6 /* Event.storyboard in Resources */ = {isa = PBXBuildFile; fileRef = FCA87725281F315000B23CD6 /* Event.storyboard */; };
		FCA87728281F3A6000B23CD6 /* EventView.swift in Sources */ = {isa = PBXBuildFile; fileRef = FCA87727281F3A6000B23CD6 /* EventView.swift */; };
		FCA8772A281F3A6B00B23CD6 /* EventPresenter.swift in Sources */ = {isa = PBXBuildFile; fileRef = FCA87729281F3A6B00B23CD6 /* EventPresenter.swift */; };
		FCA8772C281F3A9000B23CD6 /* EventModel.swift in Sources */ = {isa = PBXBuildFile; fileRef = FCA8772B281F3A9000B23CD6 /* EventModel.swift */; };
		FCAAB7592822F71E00AEC1E2 /* LaunchScreen.storyboard in Resources */ = {isa = PBXBuildFile; fileRef = FCAAB7582822F71E00AEC1E2 /* LaunchScreen.storyboard */; };
		FCBAC8FD280C2C4C0033A055 /* Constants.swift in Sources */ = {isa = PBXBuildFile; fileRef = FCBAC8FC280C2C4C0033A055 /* Constants.swift */; };
		FCBAC8FF280C35920033A055 /* SignUpView.swift in Sources */ = {isa = PBXBuildFile; fileRef = FCBAC8FE280C35920033A055 /* SignUpView.swift */; };
		FCBAC901280C35A00033A055 /* SignUpPresenter.swift in Sources */ = {isa = PBXBuildFile; fileRef = FCBAC900280C35A00033A055 /* SignUpPresenter.swift */; };
		FCBAC903280C35CC0033A055 /* SignUpModel.swift in Sources */ = {isa = PBXBuildFile; fileRef = FCBAC902280C35CC0033A055 /* SignUpModel.swift */; };
		FCBAC90C280C74350033A055 /* UserTypes.swift in Sources */ = {isa = PBXBuildFile; fileRef = FCBAC90B280C74350033A055 /* UserTypes.swift */; };
		FCBAC90E280C76B90033A055 /* EventTypes.swift in Sources */ = {isa = PBXBuildFile; fileRef = FCBAC90D280C76B90033A055 /* EventTypes.swift */; };
		FCBAC916280C802F0033A055 /* AppDelegate.swift in Sources */ = {isa = PBXBuildFile; fileRef = FCBAC915280C802F0033A055 /* AppDelegate.swift */; };
/* End PBXBuildFile section */

/* Begin PBXContainerItemProxy section */
		FC4FA79F27FA157800483FEF /* PBXContainerItemProxy */ = {
			isa = PBXContainerItemProxy;
			containerPortal = FC4FA78027FA157700483FEF /* Project object */;
			proxyType = 1;
			remoteGlobalIDString = FC4FA78727FA157700483FEF;
			remoteInfo = NoCalendar;
		};
		FC4FA7A927FA157800483FEF /* PBXContainerItemProxy */ = {
			isa = PBXContainerItemProxy;
			containerPortal = FC4FA78027FA157700483FEF /* Project object */;
			proxyType = 1;
			remoteGlobalIDString = FC4FA78727FA157700483FEF;
			remoteInfo = NoCalendar;
		};
/* End PBXContainerItemProxy section */

/* Begin PBXCopyFilesBuildPhase section */
		FC89DD9A282AF49E00FEE085 /* Embed Frameworks */ = {
			isa = PBXCopyFilesBuildPhase;
			buildActionMask = 2147483647;
			dstPath = "";
			dstSubfolderSpec = 10;
			files = (
				FC89DD99282AF49E00FEE085 /* SwiftyVK.framework in Embed Frameworks */,
			);
			name = "Embed Frameworks";
			runOnlyForDeploymentPostprocessing = 0;
		};
/* End PBXCopyFilesBuildPhase section */

/* Begin PBXFileReference section */
		FC3FD9CE280C83170057DBAB /* Settings.storyboard */ = {isa = PBXFileReference; lastKnownFileType = file.storyboard; path = Settings.storyboard; sourceTree = "<group>"; };
		FC3FD9D0280C841C0057DBAB /* MonthView.swift */ = {isa = PBXFileReference; lastKnownFileType = sourcecode.swift; path = MonthView.swift; sourceTree = "<group>"; };
		FC3FD9D2280C84360057DBAB /* MonthPresenter.swift */ = {isa = PBXFileReference; lastKnownFileType = sourcecode.swift; path = MonthPresenter.swift; sourceTree = "<group>"; };
		FC3FD9D4280C846F0057DBAB /* SettingsModel.swift */ = {isa = PBXFileReference; lastKnownFileType = sourcecode.swift; path = SettingsModel.swift; sourceTree = "<group>"; };
		FC3FD9D6280C84AB0057DBAB /* MonthModel.swift */ = {isa = PBXFileReference; lastKnownFileType = sourcecode.swift; path = MonthModel.swift; sourceTree = "<group>"; };
		FC3FD9D8280C856C0057DBAB /* SettingsView.swift */ = {isa = PBXFileReference; lastKnownFileType = sourcecode.swift; path = SettingsView.swift; sourceTree = "<group>"; };
		FC3FD9DA280C85780057DBAB /* SettingsPresenter.swift */ = {isa = PBXFileReference; lastKnownFileType = sourcecode.swift; path = SettingsPresenter.swift; sourceTree = "<group>"; };
		FC3FD9DC280C89F90057DBAB /* NetworkModule.swift */ = {isa = PBXFileReference; lastKnownFileType = sourcecode.swift; path = NetworkModule.swift; sourceTree = "<group>"; };
		FC3FD9E5280DF5B00057DBAB /* DatabaseModule.swift */ = {isa = PBXFileReference; lastKnownFileType = sourcecode.swift; path = DatabaseModule.swift; sourceTree = "<group>"; };
		FC4FA78827FA157700483FEF /* NoCalendar.app */ = {isa = PBXFileReference; explicitFileType = wrapper.application; includeInIndex = 0; path = NoCalendar.app; sourceTree = BUILT_PRODUCTS_DIR; };
		FC4FA79227FA157700483FEF /* Base */ = {isa = PBXFileReference; lastKnownFileType = file.storyboard; name = Base; path = Base.lproj/Main.storyboard; sourceTree = "<group>"; };
		FC4FA79427FA157800483FEF /* Assets.xcassets */ = {isa = PBXFileReference; lastKnownFileType = folder.assetcatalog; path = Assets.xcassets; sourceTree = "<group>"; };
		FC4FA79927FA157800483FEF /* Info.plist */ = {isa = PBXFileReference; lastKnownFileType = text.plist.xml; path = Info.plist; sourceTree = "<group>"; };
		FC4FA79E27FA157800483FEF /* NoCalendarTests.xctest */ = {isa = PBXFileReference; explicitFileType = wrapper.cfbundle; includeInIndex = 0; path = NoCalendarTests.xctest; sourceTree = BUILT_PRODUCTS_DIR; };
		FC4FA7A827FA157800483FEF /* NoCalendarUITests.xctest */ = {isa = PBXFileReference; explicitFileType = wrapper.cfbundle; includeInIndex = 0; path = NoCalendarUITests.xctest; sourceTree = BUILT_PRODUCTS_DIR; };
		FC518D3B27FA34D1009552F6 /* AppUtility.swift */ = {isa = PBXFileReference; lastKnownFileType = sourcecode.swift; path = AppUtility.swift; sourceTree = "<group>"; };
		FC6EE1EF27FC67DF000DFC1D /* LoginView.swift */ = {isa = PBXFileReference; lastKnownFileType = sourcecode.swift; path = LoginView.swift; sourceTree = "<group>"; };
		FC6EE1F227FC681A000DFC1D /* LoginPresenter.swift */ = {isa = PBXFileReference; lastKnownFileType = sourcecode.swift; path = LoginPresenter.swift; sourceTree = "<group>"; };
		FC6EE1F627FC6876000DFC1D /* LoginModel.swift */ = {isa = PBXFileReference; lastKnownFileType = sourcecode.swift; path = LoginModel.swift; sourceTree = "<group>"; };
		FC6EE1F827FC70E0000DFC1D /* SceneDelegate.swift */ = {isa = PBXFileReference; lastKnownFileType = sourcecode.swift; path = SceneDelegate.swift; sourceTree = "<group>"; };
		FC89DD97282AF49E00FEE085 /* SwiftyVK.framework */ = {isa = PBXFileReference; lastKnownFileType = wrapper.framework; name = SwiftyVK.framework; path = "Carthage/Build/SwiftyVK.xcframework/ios-arm64_i386_x86_64-simulator/SwiftyVK.framework"; sourceTree = "<group>"; };
		FC89DD9B282C413E00FEE085 /* Hasher.swift */ = {isa = PBXFileReference; lastKnownFileType = sourcecode.swift; path = Hasher.swift; sourceTree = "<group>"; };
		FCA8771B281EF8D100B23CD6 /* SingleDay.storyboard */ = {isa = PBXFileReference; lastKnownFileType = file.storyboard; path = SingleDay.storyboard; sourceTree = "<group>"; };
		FCA8771D281EF8DE00B23CD6 /* SingleDayView.swift */ = {isa = PBXFileReference; lastKnownFileType = sourcecode.swift; path = SingleDayView.swift; sourceTree = "<group>"; };
		FCA87721281EF9B700B23CD6 /* SingleDayPresenter.swift */ = {isa = PBXFileReference; lastKnownFileType = sourcecode.swift; path = SingleDayPresenter.swift; sourceTree = "<group>"; };
		FCA87723281EF9C800B23CD6 /* SingleDayModel.swift */ = {isa = PBXFileReference; lastKnownFileType = sourcecode.swift; path = SingleDayModel.swift; sourceTree = "<group>"; };
		FCA87725281F315000B23CD6 /* Event.storyboard */ = {isa = PBXFileReference; lastKnownFileType = file.storyboard; path = Event.storyboard; sourceTree = "<group>"; };
		FCA87727281F3A6000B23CD6 /* EventView.swift */ = {isa = PBXFileReference; lastKnownFileType = sourcecode.swift; path = EventView.swift; sourceTree = "<group>"; };
		FCA87729281F3A6B00B23CD6 /* EventPresenter.swift */ = {isa = PBXFileReference; lastKnownFileType = sourcecode.swift; path = EventPresenter.swift; sourceTree = "<group>"; };
		FCA8772B281F3A9000B23CD6 /* EventModel.swift */ = {isa = PBXFileReference; lastKnownFileType = sourcecode.swift; path = EventModel.swift; sourceTree = "<group>"; };
		FCAAB7582822F71E00AEC1E2 /* LaunchScreen.storyboard */ = {isa = PBXFileReference; lastKnownFileType = file.storyboard; path = LaunchScreen.storyboard; sourceTree = "<group>"; };
		FCBAC8FC280C2C4C0033A055 /* Constants.swift */ = {isa = PBXFileReference; lastKnownFileType = sourcecode.swift; path = Constants.swift; sourceTree = "<group>"; };
		FCBAC8FE280C35920033A055 /* SignUpView.swift */ = {isa = PBXFileReference; lastKnownFileType = sourcecode.swift; path = SignUpView.swift; sourceTree = "<group>"; };
		FCBAC900280C35A00033A055 /* SignUpPresenter.swift */ = {isa = PBXFileReference; lastKnownFileType = sourcecode.swift; path = SignUpPresenter.swift; sourceTree = "<group>"; };
		FCBAC902280C35CC0033A055 /* SignUpModel.swift */ = {isa = PBXFileReference; lastKnownFileType = sourcecode.swift; path = SignUpModel.swift; sourceTree = "<group>"; };
		FCBAC90B280C74350033A055 /* UserTypes.swift */ = {isa = PBXFileReference; lastKnownFileType = sourcecode.swift; path = UserTypes.swift; sourceTree = "<group>"; };
		FCBAC90D280C76B90033A055 /* EventTypes.swift */ = {isa = PBXFileReference; lastKnownFileType = sourcecode.swift; path = EventTypes.swift; sourceTree = "<group>"; };
		FCBAC915280C802F0033A055 /* AppDelegate.swift */ = {isa = PBXFileReference; lastKnownFileType = sourcecode.swift; path = AppDelegate.swift; sourceTree = "<group>"; };
		FCBAC917280C80560033A055 /* Month.storyboard */ = {isa = PBXFileReference; lastKnownFileType = file.storyboard; path = Month.storyboard; sourceTree = "<group>"; };
		FCBAC918280C80570033A055 /* SignUp.storyboard */ = {isa = PBXFileReference; lastKnownFileType = file.storyboard; path = SignUp.storyboard; sourceTree = "<group>"; };
/* End PBXFileReference section */

/* Begin PBXFrameworksBuildPhase section */
		FC4FA78527FA157700483FEF /* Frameworks */ = {
			isa = PBXFrameworksBuildPhase;
			buildActionMask = 2147483647;
			files = (
				FC3FD9E4280DF3120057DBAB /* RealmSwift in Frameworks */,
				FC89DD98282AF49E00FEE085 /* SwiftyVK.framework in Frameworks */,
				FC74AC622817E511008FA4C8 /* FSCalendar in Frameworks */,
				FC3FD9E2280DF3120057DBAB /* Realm in Frameworks */,
			);
			runOnlyForDeploymentPostprocessing = 0;
		};
		FC4FA79B27FA157800483FEF /* Frameworks */ = {
			isa = PBXFrameworksBuildPhase;
			buildActionMask = 2147483647;
			files = (
			);
			runOnlyForDeploymentPostprocessing = 0;
		};
		FC4FA7A527FA157800483FEF /* Frameworks */ = {
			isa = PBXFrameworksBuildPhase;
			buildActionMask = 2147483647;
			files = (
			);
			runOnlyForDeploymentPostprocessing = 0;
		};
/* End PBXFrameworksBuildPhase section */

/* Begin PBXGroup section */
		FC4FA77F27FA157700483FEF = {
			isa = PBXGroup;
			children = (
				FC4FA78A27FA157700483FEF /* NoCalendar */,
				FC4FA78927FA157700483FEF /* Products */,
				FC89DD96282AF49E00FEE085 /* Frameworks */,
			);
			sourceTree = "<group>";
		};
		FC4FA78927FA157700483FEF /* Products */ = {
			isa = PBXGroup;
			children = (
				FC4FA78827FA157700483FEF /* NoCalendar.app */,
				FC4FA79E27FA157800483FEF /* NoCalendarTests.xctest */,
				FC4FA7A827FA157800483FEF /* NoCalendarUITests.xctest */,
			);
			name = Products;
			sourceTree = "<group>";
		};
		FC4FA78A27FA157700483FEF /* NoCalendar */ = {
			isa = PBXGroup;
			children = (
				FCBAC90A280C741D0033A055 /* ObjectModels */,
				FC6EE1F527FC686A000DFC1D /* Models */,
				FC6EE1F127FC680D000DFC1D /* Presenters */,
				FC6EE1EE27FC67D2000DFC1D /* Views */,
				FC518D3A27FA34A8009552F6 /* Utilities */,
				FC4FA79427FA157800483FEF /* Assets.xcassets */,
				FC4FA79927FA157800483FEF /* Info.plist */,
				FC6EE1F827FC70E0000DFC1D /* SceneDelegate.swift */,
				FC4FA79127FA157700483FEF /* Main.storyboard */,
				FCBAC915280C802F0033A055 /* AppDelegate.swift */,
				FCBAC917280C80560033A055 /* Month.storyboard */,
				FC3FD9CE280C83170057DBAB /* Settings.storyboard */,
				FCBAC918280C80570033A055 /* SignUp.storyboard */,
				FCA8771B281EF8D100B23CD6 /* SingleDay.storyboard */,
				FCAAB7582822F71E00AEC1E2 /* LaunchScreen.storyboard */,
				FCA87725281F315000B23CD6 /* Event.storyboard */,
			);
			path = NoCalendar;
			sourceTree = "<group>";
		};
		FC518D3A27FA34A8009552F6 /* Utilities */ = {
			isa = PBXGroup;
			children = (
				FC518D3B27FA34D1009552F6 /* AppUtility.swift */,
				FCBAC8FC280C2C4C0033A055 /* Constants.swift */,
				FC3FD9DC280C89F90057DBAB /* NetworkModule.swift */,
				FC3FD9E5280DF5B00057DBAB /* DatabaseModule.swift */,
				FC89DD9B282C413E00FEE085 /* Hasher.swift */,
			);
			path = Utilities;
			sourceTree = "<group>";
		};
		FC6EE1EE27FC67D2000DFC1D /* Views */ = {
			isa = PBXGroup;
			children = (
				FC6EE1EF27FC67DF000DFC1D /* LoginView.swift */,
				FCBAC8FE280C35920033A055 /* SignUpView.swift */,
				FC3FD9D0280C841C0057DBAB /* MonthView.swift */,
				FC3FD9D8280C856C0057DBAB /* SettingsView.swift */,
				FCA8771D281EF8DE00B23CD6 /* SingleDayView.swift */,
				FCA87727281F3A6000B23CD6 /* EventView.swift */,
			);
			path = Views;
			sourceTree = "<group>";
		};
		FC6EE1F127FC680D000DFC1D /* Presenters */ = {
			isa = PBXGroup;
			children = (
				FC6EE1F227FC681A000DFC1D /* LoginPresenter.swift */,
				FCBAC900280C35A00033A055 /* SignUpPresenter.swift */,
				FC3FD9D2280C84360057DBAB /* MonthPresenter.swift */,
				FC3FD9DA280C85780057DBAB /* SettingsPresenter.swift */,
				FCA87721281EF9B700B23CD6 /* SingleDayPresenter.swift */,
				FCA87729281F3A6B00B23CD6 /* EventPresenter.swift */,
			);
			path = Presenters;
			sourceTree = "<group>";
		};
		FC6EE1F527FC686A000DFC1D /* Models */ = {
			isa = PBXGroup;
			children = (
				FC6EE1F627FC6876000DFC1D /* LoginModel.swift */,
				FCBAC902280C35CC0033A055 /* SignUpModel.swift */,
				FC3FD9D4280C846F0057DBAB /* SettingsModel.swift */,
				FC3FD9D6280C84AB0057DBAB /* MonthModel.swift */,
				FCA87723281EF9C800B23CD6 /* SingleDayModel.swift */,
				FCA8772B281F3A9000B23CD6 /* EventModel.swift */,
			);
			path = Models;
			sourceTree = "<group>";
		};
		FC89DD96282AF49E00FEE085 /* Frameworks */ = {
			isa = PBXGroup;
			children = (
				FC89DD97282AF49E00FEE085 /* SwiftyVK.framework */,
			);
			name = Frameworks;
			sourceTree = "<group>";
		};
		FCBAC90A280C741D0033A055 /* ObjectModels */ = {
			isa = PBXGroup;
			children = (
				FCBAC90B280C74350033A055 /* UserTypes.swift */,
				FCBAC90D280C76B90033A055 /* EventTypes.swift */,
			);
			path = ObjectModels;
			sourceTree = "<group>";
		};
/* End PBXGroup section */

/* Begin PBXNativeTarget section */
		FC4FA78727FA157700483FEF /* NoCalendar */ = {
			isa = PBXNativeTarget;
			buildConfigurationList = FC4FA7B227FA157800483FEF /* Build configuration list for PBXNativeTarget "NoCalendar" */;
			buildPhases = (
				FC4FA78427FA157700483FEF /* Sources */,
				FC4FA78527FA157700483FEF /* Frameworks */,
				FC4FA78627FA157700483FEF /* Resources */,
				FC89DD9A282AF49E00FEE085 /* Embed Frameworks */,
			);
			buildRules = (
			);
			dependencies = (
			);
			name = NoCalendar;
			packageProductDependencies = (
				FC3FD9E1280DF3120057DBAB /* Realm */,
				FC3FD9E3280DF3120057DBAB /* RealmSwift */,
				FC74AC612817E511008FA4C8 /* FSCalendar */,
			);
			productName = NoCalendar;
			productReference = FC4FA78827FA157700483FEF /* NoCalendar.app */;
			productType = "com.apple.product-type.application";
		};
		FC4FA79D27FA157800483FEF /* NoCalendarTests */ = {
			isa = PBXNativeTarget;
			buildConfigurationList = FC4FA7B527FA157800483FEF /* Build configuration list for PBXNativeTarget "NoCalendarTests" */;
			buildPhases = (
				FC4FA79A27FA157800483FEF /* Sources */,
				FC4FA79B27FA157800483FEF /* Frameworks */,
				FC4FA79C27FA157800483FEF /* Resources */,
			);
			buildRules = (
			);
			dependencies = (
				FC4FA7A027FA157800483FEF /* PBXTargetDependency */,
			);
			name = NoCalendarTests;
			productName = NoCalendarTests;
			productReference = FC4FA79E27FA157800483FEF /* NoCalendarTests.xctest */;
			productType = "com.apple.product-type.bundle.unit-test";
		};
		FC4FA7A727FA157800483FEF /* NoCalendarUITests */ = {
			isa = PBXNativeTarget;
			buildConfigurationList = FC4FA7B827FA157800483FEF /* Build configuration list for PBXNativeTarget "NoCalendarUITests" */;
			buildPhases = (
				FC4FA7A427FA157800483FEF /* Sources */,
				FC4FA7A527FA157800483FEF /* Frameworks */,
				FC4FA7A627FA157800483FEF /* Resources */,
			);
			buildRules = (
			);
			dependencies = (
				FC4FA7AA27FA157800483FEF /* PBXTargetDependency */,
			);
			name = NoCalendarUITests;
			productName = NoCalendarUITests;
			productReference = FC4FA7A827FA157800483FEF /* NoCalendarUITests.xctest */;
			productType = "com.apple.product-type.bundle.ui-testing";
		};
/* End PBXNativeTarget section */

/* Begin PBXProject section */
		FC4FA78027FA157700483FEF /* Project object */ = {
			isa = PBXProject;
			attributes = {
				BuildIndependentTargetsInParallel = 1;
				LastSwiftUpdateCheck = 1330;
				LastUpgradeCheck = 1330;
				TargetAttributes = {
					FC4FA78727FA157700483FEF = {
						CreatedOnToolsVersion = 13.3;
					};
					FC4FA79D27FA157800483FEF = {
						CreatedOnToolsVersion = 13.3;
						TestTargetID = FC4FA78727FA157700483FEF;
					};
					FC4FA7A727FA157800483FEF = {
						CreatedOnToolsVersion = 13.3;
						TestTargetID = FC4FA78727FA157700483FEF;
					};
				};
			};
			buildConfigurationList = FC4FA78327FA157700483FEF /* Build configuration list for PBXProject "NoCalendar" */;
			compatibilityVersion = "Xcode 13.0";
			developmentRegion = en;
			hasScannedForEncodings = 0;
			knownRegions = (
				en,
				Base,
			);
			mainGroup = FC4FA77F27FA157700483FEF;
			packageReferences = (
				FC3FD9E0280DF3120057DBAB /* XCRemoteSwiftPackageReference "realm-swift" */,
				FC74AC602817E511008FA4C8 /* XCRemoteSwiftPackageReference "FSCalendar" */,
			);
			productRefGroup = FC4FA78927FA157700483FEF /* Products */;
			projectDirPath = "";
			projectRoot = "";
			targets = (
				FC4FA78727FA157700483FEF /* NoCalendar */,
				FC4FA79D27FA157800483FEF /* NoCalendarTests */,
				FC4FA7A727FA157800483FEF /* NoCalendarUITests */,
			);
		};
/* End PBXProject section */

/* Begin PBXResourcesBuildPhase section */
		FC4FA78627FA157700483FEF /* Resources */ = {
			isa = PBXResourcesBuildPhase;
			buildActionMask = 2147483647;
			files = (
				FCAAB7592822F71E00AEC1E2 /* LaunchScreen.storyboard in Resources */,
				FC3FD9CD280C82810057DBAB /* Month.storyboard in Resources */,
				FCA87726281F315000B23CD6 /* Event.storyboard in Resources */,
				FC3FD9CC280C82750057DBAB /* SignUp.storyboard in Resources */,
				FCA8771C281EF8D100B23CD6 /* SingleDay.storyboard in Resources */,
				FC3FD9CF280C83170057DBAB /* Settings.storyboard in Resources */,
				FC4FA79527FA157800483FEF /* Assets.xcassets in Resources */,
				FC4FA79327FA157700483FEF /* Main.storyboard in Resources */,
			);
			runOnlyForDeploymentPostprocessing = 0;
		};
		FC4FA79C27FA157800483FEF /* Resources */ = {
			isa = PBXResourcesBuildPhase;
			buildActionMask = 2147483647;
			files = (
			);
			runOnlyForDeploymentPostprocessing = 0;
		};
		FC4FA7A627FA157800483FEF /* Resources */ = {
			isa = PBXResourcesBuildPhase;
			buildActionMask = 2147483647;
			files = (
			);
			runOnlyForDeploymentPostprocessing = 0;
		};
/* End PBXResourcesBuildPhase section */

/* Begin PBXSourcesBuildPhase section */
		FC4FA78427FA157700483FEF /* Sources */ = {
			isa = PBXSourcesBuildPhase;
			buildActionMask = 2147483647;
			files = (
				FC3FD9D1280C841C0057DBAB /* MonthView.swift in Sources */,
				FCBAC916280C802F0033A055 /* AppDelegate.swift in Sources */,
				FC3FD9D7280C84AB0057DBAB /* MonthModel.swift in Sources */,
				FCA8771E281EF8DE00B23CD6 /* SingleDayView.swift in Sources */,
				FCBAC901280C35A00033A055 /* SignUpPresenter.swift in Sources */,
				FCBAC90E280C76B90033A055 /* EventTypes.swift in Sources */,
				FC3FD9DB280C85780057DBAB /* SettingsPresenter.swift in Sources */,
				FCA87722281EF9B700B23CD6 /* SingleDayPresenter.swift in Sources */,
				FCA8772C281F3A9000B23CD6 /* EventModel.swift in Sources */,
				FC3FD9D9280C856C0057DBAB /* SettingsView.swift in Sources */,
				FCA8772A281F3A6B00B23CD6 /* EventPresenter.swift in Sources */,
				FC3FD9DD280C89F90057DBAB /* NetworkModule.swift in Sources */,
				FC6EE1F727FC6876000DFC1D /* LoginModel.swift in Sources */,
				FC3FD9D3280C84360057DBAB /* MonthPresenter.swift in Sources */,
				FC3FD9D5280C846F0057DBAB /* SettingsModel.swift in Sources */,
				FC6EE1F027FC67DF000DFC1D /* LoginView.swift in Sources */,
				FC518D3C27FA34D1009552F6 /* AppUtility.swift in Sources */,
				FCA87728281F3A6000B23CD6 /* EventView.swift in Sources */,
				FCBAC8FF280C35920033A055 /* SignUpView.swift in Sources */,
				FCA87724281EF9C800B23CD6 /* SingleDayModel.swift in Sources */,
				FCBAC8FD280C2C4C0033A055 /* Constants.swift in Sources */,
				FCBAC903280C35CC0033A055 /* SignUpModel.swift in Sources */,
				FC6EE1F327FC681A000DFC1D /* LoginPresenter.swift in Sources */,
				FC6EE1F927FC70E0000DFC1D /* SceneDelegate.swift in Sources */,
				FC3FD9E6280DF5B00057DBAB /* DatabaseModule.swift in Sources */,
				FC89DD9C282C413E00FEE085 /* Hasher.swift in Sources */,
				FCBAC90C280C74350033A055 /* UserTypes.swift in Sources */,
			);
			runOnlyForDeploymentPostprocessing = 0;
		};
		FC4FA79A27FA157800483FEF /* Sources */ = {
			isa = PBXSourcesBuildPhase;
			buildActionMask = 2147483647;
			files = (
			);
			runOnlyForDeploymentPostprocessing = 0;
		};
		FC4FA7A427FA157800483FEF /* Sources */ = {
			isa = PBXSourcesBuildPhase;
			buildActionMask = 2147483647;
			files = (
			);
			runOnlyForDeploymentPostprocessing = 0;
		};
/* End PBXSourcesBuildPhase section */

/* Begin PBXTargetDependency section */
		FC4FA7A027FA157800483FEF /* PBXTargetDependency */ = {
			isa = PBXTargetDependency;
			target = FC4FA78727FA157700483FEF /* NoCalendar */;
			targetProxy = FC4FA79F27FA157800483FEF /* PBXContainerItemProxy */;
		};
		FC4FA7AA27FA157800483FEF /* PBXTargetDependency */ = {
			isa = PBXTargetDependency;
			target = FC4FA78727FA157700483FEF /* NoCalendar */;
			targetProxy = FC4FA7A927FA157800483FEF /* PBXContainerItemProxy */;
		};
/* End PBXTargetDependency section */

/* Begin PBXVariantGroup section */
		FC4FA79127FA157700483FEF /* Main.storyboard */ = {
			isa = PBXVariantGroup;
			children = (
				FC4FA79227FA157700483FEF /* Base */,
			);
			name = Main.storyboard;
			sourceTree = "<group>";
		};
/* End PBXVariantGroup section */

/* Begin XCBuildConfiguration section */
		FC4FA7B027FA157800483FEF /* Debug */ = {
			isa = XCBuildConfiguration;
			buildSettings = {
				ALWAYS_SEARCH_USER_PATHS = NO;
				CLANG_ANALYZER_NONNULL = YES;
				CLANG_ANALYZER_NUMBER_OBJECT_CONVERSION = YES_AGGRESSIVE;
				CLANG_CXX_LANGUAGE_STANDARD = "gnu++17";
				CLANG_ENABLE_MODULES = YES;
				CLANG_ENABLE_OBJC_ARC = YES;
				CLANG_ENABLE_OBJC_WEAK = YES;
				CLANG_WARN_BLOCK_CAPTURE_AUTORELEASING = YES;
				CLANG_WARN_BOOL_CONVERSION = YES;
				CLANG_WARN_COMMA = YES;
				CLANG_WARN_CONSTANT_CONVERSION = YES;
				CLANG_WARN_DEPRECATED_OBJC_IMPLEMENTATIONS = YES;
				CLANG_WARN_DIRECT_OBJC_ISA_USAGE = YES_ERROR;
				CLANG_WARN_DOCUMENTATION_COMMENTS = YES;
				CLANG_WARN_EMPTY_BODY = YES;
				CLANG_WARN_ENUM_CONVERSION = YES;
				CLANG_WARN_INFINITE_RECURSION = YES;
				CLANG_WARN_INT_CONVERSION = YES;
				CLANG_WARN_NON_LITERAL_NULL_CONVERSION = YES;
				CLANG_WARN_OBJC_IMPLICIT_RETAIN_SELF = YES;
				CLANG_WARN_OBJC_LITERAL_CONVERSION = YES;
				CLANG_WARN_OBJC_ROOT_CLASS = YES_ERROR;
				CLANG_WARN_QUOTED_INCLUDE_IN_FRAMEWORK_HEADER = YES;
				CLANG_WARN_RANGE_LOOP_ANALYSIS = YES;
				CLANG_WARN_STRICT_PROTOTYPES = YES;
				CLANG_WARN_SUSPICIOUS_MOVE = YES;
				CLANG_WARN_UNGUARDED_AVAILABILITY = YES_AGGRESSIVE;
				CLANG_WARN_UNREACHABLE_CODE = YES;
				CLANG_WARN__DUPLICATE_METHOD_MATCH = YES;
				COPY_PHASE_STRIP = NO;
				DEBUG_INFORMATION_FORMAT = dwarf;
				ENABLE_STRICT_OBJC_MSGSEND = YES;
				ENABLE_TESTABILITY = YES;
				GCC_C_LANGUAGE_STANDARD = gnu11;
				GCC_DYNAMIC_NO_PIC = NO;
				GCC_NO_COMMON_BLOCKS = YES;
				GCC_OPTIMIZATION_LEVEL = 0;
				GCC_PREPROCESSOR_DEFINITIONS = (
					"DEBUG=1",
					"$(inherited)",
				);
				GCC_WARN_64_TO_32_BIT_CONVERSION = YES;
				GCC_WARN_ABOUT_RETURN_TYPE = YES_ERROR;
				GCC_WARN_UNDECLARED_SELECTOR = YES;
				GCC_WARN_UNINITIALIZED_AUTOS = YES_AGGRESSIVE;
				GCC_WARN_UNUSED_FUNCTION = YES;
				GCC_WARN_UNUSED_VARIABLE = YES;
				IPHONEOS_DEPLOYMENT_TARGET = 15.4;
				MTL_ENABLE_DEBUG_INFO = INCLUDE_SOURCE;
				MTL_FAST_MATH = YES;
				ONLY_ACTIVE_ARCH = YES;
				SDKROOT = iphoneos;
				SWIFT_ACTIVE_COMPILATION_CONDITIONS = DEBUG;
				SWIFT_OPTIMIZATION_LEVEL = "-Onone";
			};
			name = Debug;
		};
		FC4FA7B127FA157800483FEF /* Release */ = {
			isa = XCBuildConfiguration;
			buildSettings = {
				ALWAYS_SEARCH_USER_PATHS = NO;
				CLANG_ANALYZER_NONNULL = YES;
				CLANG_ANALYZER_NUMBER_OBJECT_CONVERSION = YES_AGGRESSIVE;
				CLANG_CXX_LANGUAGE_STANDARD = "gnu++17";
				CLANG_ENABLE_MODULES = YES;
				CLANG_ENABLE_OBJC_ARC = YES;
				CLANG_ENABLE_OBJC_WEAK = YES;
				CLANG_WARN_BLOCK_CAPTURE_AUTORELEASING = YES;
				CLANG_WARN_BOOL_CONVERSION = YES;
				CLANG_WARN_COMMA = YES;
				CLANG_WARN_CONSTANT_CONVERSION = YES;
				CLANG_WARN_DEPRECATED_OBJC_IMPLEMENTATIONS = YES;
				CLANG_WARN_DIRECT_OBJC_ISA_USAGE = YES_ERROR;
				CLANG_WARN_DOCUMENTATION_COMMENTS = YES;
				CLANG_WARN_EMPTY_BODY = YES;
				CLANG_WARN_ENUM_CONVERSION = YES;
				CLANG_WARN_INFINITE_RECURSION = YES;
				CLANG_WARN_INT_CONVERSION = YES;
				CLANG_WARN_NON_LITERAL_NULL_CONVERSION = YES;
				CLANG_WARN_OBJC_IMPLICIT_RETAIN_SELF = YES;
				CLANG_WARN_OBJC_LITERAL_CONVERSION = YES;
				CLANG_WARN_OBJC_ROOT_CLASS = YES_ERROR;
				CLANG_WARN_QUOTED_INCLUDE_IN_FRAMEWORK_HEADER = YES;
				CLANG_WARN_RANGE_LOOP_ANALYSIS = YES;
				CLANG_WARN_STRICT_PROTOTYPES = YES;
				CLANG_WARN_SUSPICIOUS_MOVE = YES;
				CLANG_WARN_UNGUARDED_AVAILABILITY = YES_AGGRESSIVE;
				CLANG_WARN_UNREACHABLE_CODE = YES;
				CLANG_WARN__DUPLICATE_METHOD_MATCH = YES;
				COPY_PHASE_STRIP = NO;
				DEBUG_INFORMATION_FORMAT = "dwarf-with-dsym";
				ENABLE_NS_ASSERTIONS = NO;
				ENABLE_STRICT_OBJC_MSGSEND = YES;
				GCC_C_LANGUAGE_STANDARD = gnu11;
				GCC_NO_COMMON_BLOCKS = YES;
				GCC_WARN_64_TO_32_BIT_CONVERSION = YES;
				GCC_WARN_ABOUT_RETURN_TYPE = YES_ERROR;
				GCC_WARN_UNDECLARED_SELECTOR = YES;
				GCC_WARN_UNINITIALIZED_AUTOS = YES_AGGRESSIVE;
				GCC_WARN_UNUSED_FUNCTION = YES;
				GCC_WARN_UNUSED_VARIABLE = YES;
				IPHONEOS_DEPLOYMENT_TARGET = 15.4;
				MTL_ENABLE_DEBUG_INFO = NO;
				MTL_FAST_MATH = YES;
				SDKROOT = iphoneos;
				SWIFT_COMPILATION_MODE = wholemodule;
				SWIFT_OPTIMIZATION_LEVEL = "-O";
				VALIDATE_PRODUCT = YES;
			};
			name = Release;
		};
		FC4FA7B327FA157800483FEF /* Debug */ = {
			isa = XCBuildConfiguration;
			buildSettings = {
				ASSETCATALOG_COMPILER_APPICON_NAME = AppIcon;
				ASSETCATALOG_COMPILER_GLOBAL_ACCENT_COLOR_NAME = AccentColor;
				CODE_SIGN_IDENTITY = "Apple Development";
				CODE_SIGN_STYLE = Automatic;
				CURRENT_PROJECT_VERSION = 1;
				DEVELOPMENT_TEAM = 3QD3B75486;
				FRAMEWORK_SEARCH_PATHS = (
					"$(inherited)",
					"$(PROJECT_DIR)/Carthage/Build/SwiftyVK.xcframework/ios-arm64_i386_x86_64-simulator",
				);
				GENERATE_INFOPLIST_FILE = YES;
				INFOPLIST_FILE = NoCalendar/Info.plist;
				INFOPLIST_KEY_UIApplicationSupportsIndirectInputEvents = YES;
				INFOPLIST_KEY_UILaunchStoryboardName = LaunchScreen;
				INFOPLIST_KEY_UIMainStoryboardFile = Main;
				INFOPLIST_KEY_UISupportedInterfaceOrientations_iPad = "UIInterfaceOrientationPortrait UIInterfaceOrientationPortraitUpsideDown UIInterfaceOrientationLandscapeLeft UIInterfaceOrientationLandscapeRight";
				INFOPLIST_KEY_UISupportedInterfaceOrientations_iPhone = "UIInterfaceOrientationPortrait UIInterfaceOrientationLandscapeLeft UIInterfaceOrientationLandscapeRight";
				LD_RUNPATH_SEARCH_PATHS = (
					"$(inherited)",
					"@executable_path/Frameworks",
				);
				MARKETING_VERSION = 1.0;
				PRODUCT_BUNDLE_IDENTIFIER = c.NoCalendar;
				PRODUCT_NAME = "$(TARGET_NAME)";
				PROVISIONING_PROFILE_SPECIFIER = "";
				SWIFT_EMIT_LOC_STRINGS = YES;
				SWIFT_VERSION = 5.0;
				TARGETED_DEVICE_FAMILY = "1,2";
			};
			name = Debug;
		};
		FC4FA7B427FA157800483FEF /* Release */ = {
			isa = XCBuildConfiguration;
			buildSettings = {
				ASSETCATALOG_COMPILER_APPICON_NAME = AppIcon;
				ASSETCATALOG_COMPILER_GLOBAL_ACCENT_COLOR_NAME = AccentColor;
				CODE_SIGN_IDENTITY = "Apple Development";
				CODE_SIGN_STYLE = Automatic;
				CURRENT_PROJECT_VERSION = 1;
				DEVELOPMENT_TEAM = 3QD3B75486;
				FRAMEWORK_SEARCH_PATHS = (
					"$(inherited)",
					"$(PROJECT_DIR)/Carthage/Build/SwiftyVK.xcframework/ios-arm64_i386_x86_64-simulator",
				);
				GENERATE_INFOPLIST_FILE = YES;
				INFOPLIST_FILE = NoCalendar/Info.plist;
				INFOPLIST_KEY_UIApplicationSupportsIndirectInputEvents = YES;
				INFOPLIST_KEY_UILaunchStoryboardName = LaunchScreen;
				INFOPLIST_KEY_UIMainStoryboardFile = Main;
				INFOPLIST_KEY_UISupportedInterfaceOrientations_iPad = "UIInterfaceOrientationPortrait UIInterfaceOrientationPortraitUpsideDown UIInterfaceOrientationLandscapeLeft UIInterfaceOrientationLandscapeRight";
				INFOPLIST_KEY_UISupportedInterfaceOrientations_iPhone = "UIInterfaceOrientationPortrait UIInterfaceOrientationLandscapeLeft UIInterfaceOrientationLandscapeRight";
				LD_RUNPATH_SEARCH_PATHS = (
					"$(inherited)",
					"@executable_path/Frameworks",
				);
				MARKETING_VERSION = 1.0;
				PRODUCT_BUNDLE_IDENTIFIER = c.NoCalendar;
				PRODUCT_NAME = "$(TARGET_NAME)";
				PROVISIONING_PROFILE_SPECIFIER = "";
				SWIFT_EMIT_LOC_STRINGS = YES;
				SWIFT_VERSION = 5.0;
				TARGETED_DEVICE_FAMILY = "1,2";
			};
			name = Release;
		};
		FC4FA7B627FA157800483FEF /* Debug */ = {
			isa = XCBuildConfiguration;
			buildSettings = {
				ALWAYS_EMBED_SWIFT_STANDARD_LIBRARIES = YES;
				BUNDLE_LOADER = "$(TEST_HOST)";
				CODE_SIGN_STYLE = Automatic;
				CURRENT_PROJECT_VERSION = 1;
				GENERATE_INFOPLIST_FILE = YES;
				IPHONEOS_DEPLOYMENT_TARGET = 15.4;
				MARKETING_VERSION = 1.0;
				PRODUCT_BUNDLE_IDENTIFIER = c.NoCalendarTests;
				PRODUCT_NAME = "$(TARGET_NAME)";
				SWIFT_EMIT_LOC_STRINGS = NO;
				SWIFT_VERSION = 5.0;
				TARGETED_DEVICE_FAMILY = "1,2";
				TEST_HOST = "$(BUILT_PRODUCTS_DIR)/NoCalendar.app/NoCalendar";
			};
			name = Debug;
		};
		FC4FA7B727FA157800483FEF /* Release */ = {
			isa = XCBuildConfiguration;
			buildSettings = {
				ALWAYS_EMBED_SWIFT_STANDARD_LIBRARIES = YES;
				BUNDLE_LOADER = "$(TEST_HOST)";
				CODE_SIGN_STYLE = Automatic;
				CURRENT_PROJECT_VERSION = 1;
				GENERATE_INFOPLIST_FILE = YES;
				IPHONEOS_DEPLOYMENT_TARGET = 15.4;
				MARKETING_VERSION = 1.0;
				PRODUCT_BUNDLE_IDENTIFIER = c.NoCalendarTests;
				PRODUCT_NAME = "$(TARGET_NAME)";
				SWIFT_EMIT_LOC_STRINGS = NO;
				SWIFT_VERSION = 5.0;
				TARGETED_DEVICE_FAMILY = "1,2";
				TEST_HOST = "$(BUILT_PRODUCTS_DIR)/NoCalendar.app/NoCalendar";
			};
			name = Release;
		};
		FC4FA7B927FA157800483FEF /* Debug */ = {
			isa = XCBuildConfiguration;
			buildSettings = {
				ALWAYS_EMBED_SWIFT_STANDARD_LIBRARIES = YES;
				CODE_SIGN_STYLE = Automatic;
				CURRENT_PROJECT_VERSION = 1;
				GENERATE_INFOPLIST_FILE = YES;
				MARKETING_VERSION = 1.0;
				PRODUCT_BUNDLE_IDENTIFIER = c.NoCalendarUITests;
				PRODUCT_NAME = "$(TARGET_NAME)";
				SWIFT_EMIT_LOC_STRINGS = NO;
				SWIFT_VERSION = 5.0;
				TARGETED_DEVICE_FAMILY = "1,2";
				TEST_TARGET_NAME = NoCalendar;
			};
			name = Debug;
		};
		FC4FA7BA27FA157800483FEF /* Release */ = {
			isa = XCBuildConfiguration;
			buildSettings = {
				ALWAYS_EMBED_SWIFT_STANDARD_LIBRARIES = YES;
				CODE_SIGN_STYLE = Automatic;
				CURRENT_PROJECT_VERSION = 1;
				GENERATE_INFOPLIST_FILE = YES;
				MARKETING_VERSION = 1.0;
				PRODUCT_BUNDLE_IDENTIFIER = c.NoCalendarUITests;
				PRODUCT_NAME = "$(TARGET_NAME)";
				SWIFT_EMIT_LOC_STRINGS = NO;
				SWIFT_VERSION = 5.0;
				TARGETED_DEVICE_FAMILY = "1,2";
				TEST_TARGET_NAME = NoCalendar;
			};
			name = Release;
		};
/* End XCBuildConfiguration section */

/* Begin XCConfigurationList section */
		FC4FA78327FA157700483FEF /* Build configuration list for PBXProject "NoCalendar" */ = {
			isa = XCConfigurationList;
			buildConfigurations = (
				FC4FA7B027FA157800483FEF /* Debug */,
				FC4FA7B127FA157800483FEF /* Release */,
			);
			defaultConfigurationIsVisible = 0;
			defaultConfigurationName = Release;
		};
		FC4FA7B227FA157800483FEF /* Build configuration list for PBXNativeTarget "NoCalendar" */ = {
			isa = XCConfigurationList;
			buildConfigurations = (
				FC4FA7B327FA157800483FEF /* Debug */,
				FC4FA7B427FA157800483FEF /* Release */,
			);
			defaultConfigurationIsVisible = 0;
			defaultConfigurationName = Release;
		};
		FC4FA7B527FA157800483FEF /* Build configuration list for PBXNativeTarget "NoCalendarTests" */ = {
			isa = XCConfigurationList;
			buildConfigurations = (
				FC4FA7B627FA157800483FEF /* Debug */,
				FC4FA7B727FA157800483FEF /* Release */,
			);
			defaultConfigurationIsVisible = 0;
			defaultConfigurationName = Release;
		};
		FC4FA7B827FA157800483FEF /* Build configuration list for PBXNativeTarget "NoCalendarUITests" */ = {
			isa = XCConfigurationList;
			buildConfigurations = (
				FC4FA7B927FA157800483FEF /* Debug */,
				FC4FA7BA27FA157800483FEF /* Release */,
			);
			defaultConfigurationIsVisible = 0;
			defaultConfigurationName = Release;
		};
/* End XCConfigurationList section */

/* Begin XCRemoteSwiftPackageReference section */
		FC3FD9E0280DF3120057DBAB /* XCRemoteSwiftPackageReference "realm-swift" */ = {
			isa = XCRemoteSwiftPackageReference;
			repositoryURL = "https://github.com/realm/realm-swift.git";
			requirement = {
				branch = master;
				kind = branch;
			};
		};
		FC74AC602817E511008FA4C8 /* XCRemoteSwiftPackageReference "FSCalendar" */ = {
			isa = XCRemoteSwiftPackageReference;
			repositoryURL = "https://github.com/WenchaoD/FSCalendar";
			requirement = {
				kind = upToNextMajorVersion;
				minimumVersion = 2.0.0;
			};
		};
/* End XCRemoteSwiftPackageReference section */

/* Begin XCSwiftPackageProductDependency section */
		FC3FD9E1280DF3120057DBAB /* Realm */ = {
			isa = XCSwiftPackageProductDependency;
			package = FC3FD9E0280DF3120057DBAB /* XCRemoteSwiftPackageReference "realm-swift" */;
			productName = Realm;
		};
		FC3FD9E3280DF3120057DBAB /* RealmSwift */ = {
			isa = XCSwiftPackageProductDependency;
			package = FC3FD9E0280DF3120057DBAB /* XCRemoteSwiftPackageReference "realm-swift" */;
			productName = RealmSwift;
		};
		FC74AC612817E511008FA4C8 /* FSCalendar */ = {
			isa = XCSwiftPackageProductDependency;
			package = FC74AC602817E511008FA4C8 /* XCRemoteSwiftPackageReference "FSCalendar" */;
			productName = FSCalendar;
		};
/* End XCSwiftPackageProductDependency section */
	};
	rootObject = FC4FA78027FA157700483FEF /* Project object */;
}
