// !$*UTF8*$!
{
	archiveVersion = 1;
	classes = {
	};
	objectVersion = 55;
	objects = {

/* Begin PBXBuildFile section */
		FC4FA78C27FA157700483FEF /* AppDelegate.swift in Sources */ = {isa = PBXBuildFile; fileRef = FC4FA78B27FA157700483FEF /* AppDelegate.swift */; };
		FC4FA79327FA157700483FEF /* Main.storyboard in Resources */ = {isa = PBXBuildFile; fileRef = FC4FA79127FA157700483FEF /* Main.storyboard */; };
		FC4FA79527FA157800483FEF /* Assets.xcassets in Resources */ = {isa = PBXBuildFile; fileRef = FC4FA79427FA157800483FEF /* Assets.xcassets */; };
		FC4FA79827FA157800483FEF /* LaunchScreen.storyboard in Resources */ = {isa = PBXBuildFile; fileRef = FC4FA79627FA157800483FEF /* LaunchScreen.storyboard */; };
		FC518D3C27FA34D1009552F6 /* AppUtility.swift in Sources */ = {isa = PBXBuildFile; fileRef = FC518D3B27FA34D1009552F6 /* AppUtility.swift */; };
		FC6EE1F027FC67DF000DFC1D /* LoginView.swift in Sources */ = {isa = PBXBuildFile; fileRef = FC6EE1EF27FC67DF000DFC1D /* LoginView.swift */; };
		FC6EE1F327FC681A000DFC1D /* LoginPresenter.swift in Sources */ = {isa = PBXBuildFile; fileRef = FC6EE1F227FC681A000DFC1D /* LoginPresenter.swift */; };
		FC6EE1F727FC6876000DFC1D /* LoginModel.swift in Sources */ = {isa = PBXBuildFile; fileRef = FC6EE1F627FC6876000DFC1D /* LoginModel.swift */; };
		FC6EE1F927FC70E0000DFC1D /* SceneDelegate.swift in Sources */ = {isa = PBXBuildFile; fileRef = FC6EE1F827FC70E0000DFC1D /* SceneDelegate.swift */; };
/* End PBXBuildFile section */

/* Begin PBXContainerItemProxy section */
		FC4FA79F27FA157800483FEF /* PBXContainerItemProxy */ = {
			isa = PBXContainerItemProxy;
			containerPortal = FC4FA78027FA157700483FEF /* Project object */;
			proxyType = 1;
			remoteGlobalIDString = FC4FA78727FA157700483FEF;
			remoteInfo = NoCalendar;
		};
		FC4FA7A927FA157800483FEF /* PBXContainerItemProxy */ = {
			isa = PBXContainerItemProxy;
			containerPortal = FC4FA78027FA157700483FEF /* Project object */;
			proxyType = 1;
			remoteGlobalIDString = FC4FA78727FA157700483FEF;
			remoteInfo = NoCalendar;
		};
/* End PBXContainerItemProxy section */

/* Begin PBXFileReference section */
		FC4FA78827FA157700483FEF /* NoCalendar.app */ = {isa = PBXFileReference; explicitFileType = wrapper.application; includeInIndex = 0; path = NoCalendar.app; sourceTree = BUILT_PRODUCTS_DIR; };
		FC4FA78B27FA157700483FEF /* AppDelegate.swift */ = {isa = PBXFileReference; lastKnownFileType = sourcecode.swift; path = AppDelegate.swift; sourceTree = "<group>"; };
		FC4FA79227FA157700483FEF /* Base */ = {isa = PBXFileReference; lastKnownFileType = file.storyboard; name = Base; path = Base.lproj/Main.storyboard; sourceTree = "<group>"; };
		FC4FA79427FA157800483FEF /* Assets.xcassets */ = {isa = PBXFileReference; lastKnownFileType = folder.assetcatalog; path = Assets.xcassets; sourceTree = "<group>"; };
		FC4FA79727FA157800483FEF /* Base */ = {isa = PBXFileReference; lastKnownFileType = file.storyboard; name = Base; path = Base.lproj/LaunchScreen.storyboard; sourceTree = "<group>"; };
		FC4FA79927FA157800483FEF /* Info.plist */ = {isa = PBXFileReference; lastKnownFileType = text.plist.xml; path = Info.plist; sourceTree = "<group>"; };
		FC4FA79E27FA157800483FEF /* NoCalendarTests.xctest */ = {isa = PBXFileReference; explicitFileType = wrapper.cfbundle; includeInIndex = 0; path = NoCalendarTests.xctest; sourceTree = BUILT_PRODUCTS_DIR; };
		FC4FA7A827FA157800483FEF /* NoCalendarUITests.xctest */ = {isa = PBXFileReference; explicitFileType = wrapper.cfbundle; includeInIndex = 0; path = NoCalendarUITests.xctest; sourceTree = BUILT_PRODUCTS_DIR; };
		FC518D3B27FA34D1009552F6 /* AppUtility.swift */ = {isa = PBXFileReference; lastKnownFileType = sourcecode.swift; path = AppUtility.swift; sourceTree = "<group>"; };
		FC6EE1EF27FC67DF000DFC1D /* LoginView.swift */ = {isa = PBXFileReference; lastKnownFileType = sourcecode.swift; path = LoginView.swift; sourceTree = "<group>"; };
		FC6EE1F227FC681A000DFC1D /* LoginPresenter.swift */ = {isa = PBXFileReference; lastKnownFileType = sourcecode.swift; path = LoginPresenter.swift; sourceTree = "<group>"; };
		FC6EE1F627FC6876000DFC1D /* LoginModel.swift */ = {isa = PBXFileReference; lastKnownFileType = sourcecode.swift; path = LoginModel.swift; sourceTree = "<group>"; };
		FC6EE1F827FC70E0000DFC1D /* SceneDelegate.swift */ = {isa = PBXFileReference; lastKnownFileType = sourcecode.swift; path = SceneDelegate.swift; sourceTree = "<group>"; };
/* End PBXFileReference section */

/* Begin PBXFrameworksBuildPhase section */
		FC4FA78527FA157700483FEF /* Frameworks */ = {
			isa = PBXFrameworksBuildPhase;
			buildActionMask = 2147483647;
			files = (
			);
			runOnlyForDeploymentPostprocessing = 0;
		};
		FC4FA79B27FA157800483FEF /* Frameworks */ = {
			isa = PBXFrameworksBuildPhase;
			buildActionMask = 2147483647;
			files = (
			);
			runOnlyForDeploymentPostprocessing = 0;
		};
		FC4FA7A527FA157800483FEF /* Frameworks */ = {
			isa = PBXFrameworksBuildPhase;
			buildActionMask = 2147483647;
			files = (
			);
			runOnlyForDeploymentPostprocessing = 0;
		};
/* End PBXFrameworksBuildPhase section */

/* Begin PBXGroup section */
		FC4FA77F27FA157700483FEF = {
			isa = PBXGroup;
			children = (
				FC4FA78A27FA157700483FEF /* NoCalendar */,
				FC4FA78927FA157700483FEF /* Products */,
			);
			sourceTree = "<group>";
		};
		FC4FA78927FA157700483FEF /* Products */ = {
			isa = PBXGroup;
			children = (
				FC4FA78827FA157700483FEF /* NoCalendar.app */,
				FC4FA79E27FA157800483FEF /* NoCalendarTests.xctest */,
				FC4FA7A827FA157800483FEF /* NoCalendarUITests.xctest */,
			);
			name = Products;
			sourceTree = "<group>";
		};
		FC4FA78A27FA157700483FEF /* NoCalendar */ = {
			isa = PBXGroup;
			children = (
				FC6EE1F527FC686A000DFC1D /* Models */,
				FC6EE1F127FC680D000DFC1D /* Presenters */,
				FC6EE1EE27FC67D2000DFC1D /* Views */,
				FC518D3A27FA34A8009552F6 /* Utilities */,
				FC4FA78B27FA157700483FEF /* AppDelegate.swift */,
				FC4FA79127FA157700483FEF /* Main.storyboard */,
				FC4FA79427FA157800483FEF /* Assets.xcassets */,
				FC4FA79627FA157800483FEF /* LaunchScreen.storyboard */,
				FC4FA79927FA157800483FEF /* Info.plist */,
				FC6EE1F827FC70E0000DFC1D /* SceneDelegate.swift */,
			);
			path = NoCalendar;
			sourceTree = "<group>";
		};
		FC518D3A27FA34A8009552F6 /* Utilities */ = {
			isa = PBXGroup;
			children = (
				FC518D3B27FA34D1009552F6 /* AppUtility.swift */,
			);
			path = Utilities;
			sourceTree = "<group>";
		};
		FC6EE1EE27FC67D2000DFC1D /* Views */ = {
			isa = PBXGroup;
			children = (
				FC6EE1EF27FC67DF000DFC1D /* LoginView.swift */,
			);
			path = Views;
			sourceTree = "<group>";
		};
		FC6EE1F127FC680D000DFC1D /* Presenters */ = {
			isa = PBXGroup;
			children = (
				FC6EE1F227FC681A000DFC1D /* LoginPresenter.swift */,
			);
			path = Presenters;
			sourceTree = "<group>";
		};
		FC6EE1F527FC686A000DFC1D /* Models */ = {
			isa = PBXGroup;
			children = (
				FC6EE1F627FC6876000DFC1D /* LoginModel.swift */,
			);
			path = Models;
			sourceTree = "<group>";
		};
/* End PBXGroup section */

/* Begin PBXNativeTarget section */
		FC4FA78727FA157700483FEF /* NoCalendar */ = {
			isa = PBXNativeTarget;
			buildConfigurationList = FC4FA7B227FA157800483FEF /* Build configuration list for PBXNativeTarget "NoCalendar" */;
			buildPhases = (
				FC4FA78427FA157700483FEF /* Sources */,
				FC4FA78527FA157700483FEF /* Frameworks */,
				FC4FA78627FA157700483FEF /* Resources */,
			);
			buildRules = (
			);
			dependencies = (
			);
			name = NoCalendar;
			productName = NoCalendar;
			productReference = FC4FA78827FA157700483FEF /* NoCalendar.app */;
			productType = "com.apple.product-type.application";
		};
		FC4FA79D27FA157800483FEF /* NoCalendarTests */ = {
			isa = PBXNativeTarget;
			buildConfigurationList = FC4FA7B527FA157800483FEF /* Build configuration list for PBXNativeTarget "NoCalendarTests" */;
			buildPhases = (
				FC4FA79A27FA157800483FEF /* Sources */,
				FC4FA79B27FA157800483FEF /* Frameworks */,
				FC4FA79C27FA157800483FEF /* Resources */,
			);
			buildRules = (
			);
			dependencies = (
				FC4FA7A027FA157800483FEF /* PBXTargetDependency */,
			);
			name = NoCalendarTests;
			productName = NoCalendarTests;
			productReference = FC4FA79E27FA157800483FEF /* NoCalendarTests.xctest */;
			productType = "com.apple.product-type.bundle.unit-test";
		};
		FC4FA7A727FA157800483FEF /* NoCalendarUITests */ = {
			isa = PBXNativeTarget;
			buildConfigurationList = FC4FA7B827FA157800483FEF /* Build configuration list for PBXNativeTarget "NoCalendarUITests" */;
			buildPhases = (
				FC4FA7A427FA157800483FEF /* Sources */,
				FC4FA7A527FA157800483FEF /* Frameworks */,
				FC4FA7A627FA157800483FEF /* Resources */,
			);
			buildRules = (
			);
			dependencies = (
				FC4FA7AA27FA157800483FEF /* PBXTargetDependency */,
			);
			name = NoCalendarUITests;
			productName = NoCalendarUITests;
			productReference = FC4FA7A827FA157800483FEF /* NoCalendarUITests.xctest */;
			productType = "com.apple.product-type.bundle.ui-testing";
		};
/* End PBXNativeTarget section */

/* Begin PBXProject section */
		FC4FA78027FA157700483FEF /* Project object */ = {
			isa = PBXProject;
			attributes = {
				BuildIndependentTargetsInParallel = 1;
				LastSwiftUpdateCheck = 1330;
				LastUpgradeCheck = 1330;
				TargetAttributes = {
					FC4FA78727FA157700483FEF = {
						CreatedOnToolsVersion = 13.3;
					};
					FC4FA79D27FA157800483FEF = {
						CreatedOnToolsVersion = 13.3;
						TestTargetID = FC4FA78727FA157700483FEF;
					};
					FC4FA7A727FA157800483FEF = {
						CreatedOnToolsVersion = 13.3;
						TestTargetID = FC4FA78727FA157700483FEF;
					};
				};
			};
			buildConfigurationList = FC4FA78327FA157700483FEF /* Build configuration list for PBXProject "NoCalendar" */;
			compatibilityVersion = "Xcode 13.0";
			developmentRegion = en;
			hasScannedForEncodings = 0;
			knownRegions = (
				en,
				Base,
			);
			mainGroup = FC4FA77F27FA157700483FEF;
			productRefGroup = FC4FA78927FA157700483FEF /* Products */;
			projectDirPath = "";
			projectRoot = "";
			targets = (
				FC4FA78727FA157700483FEF /* NoCalendar */,
				FC4FA79D27FA157800483FEF /* NoCalendarTests */,
				FC4FA7A727FA157800483FEF /* NoCalendarUITests */,
			);
		};
/* End PBXProject section */

/* Begin PBXResourcesBuildPhase section */
		FC4FA78627FA157700483FEF /* Resources */ = {
			isa = PBXResourcesBuildPhase;
			buildActionMask = 2147483647;
			files = (
				FC4FA79827FA157800483FEF /* LaunchScreen.storyboard in Resources */,
				FC4FA79527FA157800483FEF /* Assets.xcassets in Resources */,
				FC4FA79327FA157700483FEF /* Main.storyboard in Resources */,
			);
			runOnlyForDeploymentPostprocessing = 0;
		};
		FC4FA79C27FA157800483FEF /* Resources */ = {
			isa = PBXResourcesBuildPhase;
			buildActionMask = 2147483647;
			files = (
			);
			runOnlyForDeploymentPostprocessing = 0;
		};
		FC4FA7A627FA157800483FEF /* Resources */ = {
			isa = PBXResourcesBuildPhase;
			buildActionMask = 2147483647;
			files = (
			);
			runOnlyForDeploymentPostprocessing = 0;
		};
/* End PBXResourcesBuildPhase section */

/* Begin PBXSourcesBuildPhase section */
		FC4FA78427FA157700483FEF /* Sources */ = {
			isa = PBXSourcesBuildPhase;
			buildActionMask = 2147483647;
			files = (
				FC4FA78C27FA157700483FEF /* AppDelegate.swift in Sources */,
				FC6EE1F727FC6876000DFC1D /* LoginModel.swift in Sources */,
				FC6EE1F027FC67DF000DFC1D /* LoginView.swift in Sources */,
				FC518D3C27FA34D1009552F6 /* AppUtility.swift in Sources */,
				FC6EE1F327FC681A000DFC1D /* LoginPresenter.swift in Sources */,
				FC6EE1F927FC70E0000DFC1D /* SceneDelegate.swift in Sources */,
			);
			runOnlyForDeploymentPostprocessing = 0;
		};
		FC4FA79A27FA157800483FEF /* Sources */ = {
			isa = PBXSourcesBuildPhase;
			buildActionMask = 2147483647;
			files = (
			);
			runOnlyForDeploymentPostprocessing = 0;
		};
		FC4FA7A427FA157800483FEF /* Sources */ = {
			isa = PBXSourcesBuildPhase;
			buildActionMask = 2147483647;
			files = (
			);
			runOnlyForDeploymentPostprocessing = 0;
		};
/* End PBXSourcesBuildPhase section */

/* Begin PBXTargetDependency section */
		FC4FA7A027FA157800483FEF /* PBXTargetDependency */ = {
			isa = PBXTargetDependency;
			target = FC4FA78727FA157700483FEF /* NoCalendar */;
			targetProxy = FC4FA79F27FA157800483FEF /* PBXContainerItemProxy */;
		};
		FC4FA7AA27FA157800483FEF /* PBXTargetDependency */ = {
			isa = PBXTargetDependency;
			target = FC4FA78727FA157700483FEF /* NoCalendar */;
			targetProxy = FC4FA7A927FA157800483FEF /* PBXContainerItemProxy */;
		};
/* End PBXTargetDependency section */

/* Begin PBXVariantGroup section */
		FC4FA79127FA157700483FEF /* Main.storyboard */ = {
			isa = PBXVariantGroup;
			children = (
				FC4FA79227FA157700483FEF /* Base */,
			);
			name = Main.storyboard;
			sourceTree = "<group>";
		};
		FC4FA79627FA157800483FEF /* LaunchScreen.storyboard */ = {
			isa = PBXVariantGroup;
			children = (
				FC4FA79727FA157800483FEF /* Base */,
			);
			name = LaunchScreen.storyboard;
			sourceTree = "<group>";
		};
/* End PBXVariantGroup section */

/* Begin XCBuildConfiguration section */
		FC4FA7B027FA157800483FEF /* Debug */ = {
			isa = XCBuildConfiguration;
			buildSettings = {
				ALWAYS_SEARCH_USER_PATHS = NO;
				CLANG_ANALYZER_NONNULL = YES;
				CLANG_ANALYZER_NUMBER_OBJECT_CONVERSION = YES_AGGRESSIVE;
				CLANG_CXX_LANGUAGE_STANDARD = "gnu++17";
				CLANG_ENABLE_MODULES = YES;
				CLANG_ENABLE_OBJC_ARC = YES;
				CLANG_ENABLE_OBJC_WEAK = YES;
				CLANG_WARN_BLOCK_CAPTURE_AUTORELEASING = YES;
				CLANG_WARN_BOOL_CONVERSION = YES;
				CLANG_WARN_COMMA = YES;
				CLANG_WARN_CONSTANT_CONVERSION = YES;
				CLANG_WARN_DEPRECATED_OBJC_IMPLEMENTATIONS = YES;
				CLANG_WARN_DIRECT_OBJC_ISA_USAGE = YES_ERROR;
				CLANG_WARN_DOCUMENTATION_COMMENTS = YES;
				CLANG_WARN_EMPTY_BODY = YES;
				CLANG_WARN_ENUM_CONVERSION = YES;
				CLANG_WARN_INFINITE_RECURSION = YES;
				CLANG_WARN_INT_CONVERSION = YES;
				CLANG_WARN_NON_LITERAL_NULL_CONVERSION = YES;
				CLANG_WARN_OBJC_IMPLICIT_RETAIN_SELF = YES;
				CLANG_WARN_OBJC_LITERAL_CONVERSION = YES;
				CLANG_WARN_OBJC_ROOT_CLASS = YES_ERROR;
				CLANG_WARN_QUOTED_INCLUDE_IN_FRAMEWORK_HEADER = YES;
				CLANG_WARN_RANGE_LOOP_ANALYSIS = YES;
				CLANG_WARN_STRICT_PROTOTYPES = YES;
				CLANG_WARN_SUSPICIOUS_MOVE = YES;
				CLANG_WARN_UNGUARDED_AVAILABILITY = YES_AGGRESSIVE;
				CLANG_WARN_UNREACHABLE_CODE = YES;
				CLANG_WARN__DUPLICATE_METHOD_MATCH = YES;
				COPY_PHASE_STRIP = NO;
				DEBUG_INFORMATION_FORMAT = dwarf;
				ENABLE_STRICT_OBJC_MSGSEND = YES;
				ENABLE_TESTABILITY = YES;
				GCC_C_LANGUAGE_STANDARD = gnu11;
				GCC_DYNAMIC_NO_PIC = NO;
				GCC_NO_COMMON_BLOCKS = YES;
				GCC_OPTIMIZATION_LEVEL = 0;
				GCC_PREPROCESSOR_DEFINITIONS = (
					"DEBUG=1",
					"$(inherited)",
				);
				GCC_WARN_64_TO_32_BIT_CONVERSION = YES;
				GCC_WARN_ABOUT_RETURN_TYPE = YES_ERROR;
				GCC_WARN_UNDECLARED_SELECTOR = YES;
				GCC_WARN_UNINITIALIZED_AUTOS = YES_AGGRESSIVE;
				GCC_WARN_UNUSED_FUNCTION = YES;
				GCC_WARN_UNUSED_VARIABLE = YES;
				IPHONEOS_DEPLOYMENT_TARGET = 15.4;
				MTL_ENABLE_DEBUG_INFO = INCLUDE_SOURCE;
				MTL_FAST_MATH = YES;
				ONLY_ACTIVE_ARCH = YES;
				SDKROOT = iphoneos;
				SWIFT_ACTIVE_COMPILATION_CONDITIONS = DEBUG;
				SWIFT_OPTIMIZATION_LEVEL = "-Onone";
			};
			name = Debug;
		};
		FC4FA7B127FA157800483FEF /* Release */ = {
			isa = XCBuildConfiguration;
			buildSettings = {
				ALWAYS_SEARCH_USER_PATHS = NO;
				CLANG_ANALYZER_NONNULL = YES;
				CLANG_ANALYZER_NUMBER_OBJECT_CONVERSION = YES_AGGRESSIVE;
				CLANG_CXX_LANGUAGE_STANDARD = "gnu++17";
				CLANG_ENABLE_MODULES = YES;
				CLANG_ENABLE_OBJC_ARC = YES;
				CLANG_ENABLE_OBJC_WEAK = YES;
				CLANG_WARN_BLOCK_CAPTURE_AUTORELEASING = YES;
				CLANG_WARN_BOOL_CONVERSION = YES;
				CLANG_WARN_COMMA = YES;
				CLANG_WARN_CONSTANT_CONVERSION = YES;
				CLANG_WARN_DEPRECATED_OBJC_IMPLEMENTATIONS = YES;
				CLANG_WARN_DIRECT_OBJC_ISA_USAGE = YES_ERROR;
				CLANG_WARN_DOCUMENTATION_COMMENTS = YES;
				CLANG_WARN_EMPTY_BODY = YES;
				CLANG_WARN_ENUM_CONVERSION = YES;
				CLANG_WARN_INFINITE_RECURSION = YES;
				CLANG_WARN_INT_CONVERSION = YES;
				CLANG_WARN_NON_LITERAL_NULL_CONVERSION = YES;
				CLANG_WARN_OBJC_IMPLICIT_RETAIN_SELF = YES;
				CLANG_WARN_OBJC_LITERAL_CONVERSION = YES;
				CLANG_WARN_OBJC_ROOT_CLASS = YES_ERROR;
				CLANG_WARN_QUOTED_INCLUDE_IN_FRAMEWORK_HEADER = YES;
				CLANG_WARN_RANGE_LOOP_ANALYSIS = YES;
				CLANG_WARN_STRICT_PROTOTYPES = YES;
				CLANG_WARN_SUSPICIOUS_MOVE = YES;
				CLANG_WARN_UNGUARDED_AVAILABILITY = YES_AGGRESSIVE;
				CLANG_WARN_UNREACHABLE_CODE = YES;
				CLANG_WARN__DUPLICATE_METHOD_MATCH = YES;
				COPY_PHASE_STRIP = NO;
				DEBUG_INFORMATION_FORMAT = "dwarf-with-dsym";
				ENABLE_NS_ASSERTIONS = NO;
				ENABLE_STRICT_OBJC_MSGSEND = YES;
				GCC_C_LANGUAGE_STANDARD = gnu11;
				GCC_NO_COMMON_BLOCKS = YES;
				GCC_WARN_64_TO_32_BIT_CONVERSION = YES;
				GCC_WARN_ABOUT_RETURN_TYPE = YES_ERROR;
				GCC_WARN_UNDECLARED_SELECTOR = YES;
				GCC_WARN_UNINITIALIZED_AUTOS = YES_AGGRESSIVE;
				GCC_WARN_UNUSED_FUNCTION = YES;
				GCC_WARN_UNUSED_VARIABLE = YES;
				IPHONEOS_DEPLOYMENT_TARGET = 15.4;
				MTL_ENABLE_DEBUG_INFO = NO;
				MTL_FAST_MATH = YES;
				SDKROOT = iphoneos;
				SWIFT_COMPILATION_MODE = wholemodule;
				SWIFT_OPTIMIZATION_LEVEL = "-O";
				VALIDATE_PRODUCT = YES;
			};
			name = Release;
		};
		FC4FA7B327FA157800483FEF /* Debug */ = {
			isa = XCBuildConfiguration;
			buildSettings = {
				ASSETCATALOG_COMPILER_APPICON_NAME = AppIcon;
				ASSETCATALOG_COMPILER_GLOBAL_ACCENT_COLOR_NAME = AccentColor;
				CODE_SIGN_STYLE = Automatic;
				CURRENT_PROJECT_VERSION = 1;
				GENERATE_INFOPLIST_FILE = YES;
				INFOPLIST_FILE = NoCalendar/Info.plist;
				INFOPLIST_KEY_UIApplicationSupportsIndirectInputEvents = YES;
				INFOPLIST_KEY_UILaunchStoryboardName = LaunchScreen;
				INFOPLIST_KEY_UIMainStoryboardFile = Main;
				INFOPLIST_KEY_UISupportedInterfaceOrientations_iPad = "UIInterfaceOrientationPortrait UIInterfaceOrientationPortraitUpsideDown UIInterfaceOrientationLandscapeLeft UIInterfaceOrientationLandscapeRight";
				INFOPLIST_KEY_UISupportedInterfaceOrientations_iPhone = "UIInterfaceOrientationPortrait UIInterfaceOrientationLandscapeLeft UIInterfaceOrientationLandscapeRight";
				LD_RUNPATH_SEARCH_PATHS = (
					"$(inherited)",
					"@executable_path/Frameworks",
				);
				MARKETING_VERSION = 1.0;
				PRODUCT_BUNDLE_IDENTIFIER = c.NoCalendar;
				PRODUCT_NAME = "$(TARGET_NAME)";
				SWIFT_EMIT_LOC_STRINGS = YES;
				SWIFT_VERSION = 5.0;
				TARGETED_DEVICE_FAMILY = "1,2";
			};
			name = Debug;
		};
		FC4FA7B427FA157800483FEF /* Release */ = {
			isa = XCBuildConfiguration;
			buildSettings = {
				ASSETCATALOG_COMPILER_APPICON_NAME = AppIcon;
				ASSETCATALOG_COMPILER_GLOBAL_ACCENT_COLOR_NAME = AccentColor;
				CODE_SIGN_STYLE = Automatic;
				CURRENT_PROJECT_VERSION = 1;
				GENERATE_INFOPLIST_FILE = YES;
				INFOPLIST_FILE = NoCalendar/Info.plist;
				INFOPLIST_KEY_UIApplicationSupportsIndirectInputEvents = YES;
				INFOPLIST_KEY_UILaunchStoryboardName = LaunchScreen;
				INFOPLIST_KEY_UIMainStoryboardFile = Main;
				INFOPLIST_KEY_UISupportedInterfaceOrientations_iPad = "UIInterfaceOrientationPortrait UIInterfaceOrientationPortraitUpsideDown UIInterfaceOrientationLandscapeLeft UIInterfaceOrientationLandscapeRight";
				INFOPLIST_KEY_UISupportedInterfaceOrientations_iPhone = "UIInterfaceOrientationPortrait UIInterfaceOrientationLandscapeLeft UIInterfaceOrientationLandscapeRight";
				LD_RUNPATH_SEARCH_PATHS = (
					"$(inherited)",
					"@executable_path/Frameworks",
				);
				MARKETING_VERSION = 1.0;
				PRODUCT_BUNDLE_IDENTIFIER = c.NoCalendar;
				PRODUCT_NAME = "$(TARGET_NAME)";
				SWIFT_EMIT_LOC_STRINGS = YES;
				SWIFT_VERSION = 5.0;
				TARGETED_DEVICE_FAMILY = "1,2";
			};
			name = Release;
		};
		FC4FA7B627FA157800483FEF /* Debug */ = {
			isa = XCBuildConfiguration;
			buildSettings = {
				ALWAYS_EMBED_SWIFT_STANDARD_LIBRARIES = YES;
				BUNDLE_LOADER = "$(TEST_HOST)";
				CODE_SIGN_STYLE = Automatic;
				CURRENT_PROJECT_VERSION = 1;
				GENERATE_INFOPLIST_FILE = YES;
				IPHONEOS_DEPLOYMENT_TARGET = 15.4;
				MARKETING_VERSION = 1.0;
				PRODUCT_BUNDLE_IDENTIFIER = c.NoCalendarTests;
				PRODUCT_NAME = "$(TARGET_NAME)";
				SWIFT_EMIT_LOC_STRINGS = NO;
				SWIFT_VERSION = 5.0;
				TARGETED_DEVICE_FAMILY = "1,2";
				TEST_HOST = "$(BUILT_PRODUCTS_DIR)/NoCalendar.app/NoCalendar";
			};
			name = Debug;
		};
		FC4FA7B727FA157800483FEF /* Release */ = {
			isa = XCBuildConfiguration;
			buildSettings = {
				ALWAYS_EMBED_SWIFT_STANDARD_LIBRARIES = YES;
				BUNDLE_LOADER = "$(TEST_HOST)";
				CODE_SIGN_STYLE = Automatic;
				CURRENT_PROJECT_VERSION = 1;
				GENERATE_INFOPLIST_FILE = YES;
				IPHONEOS_DEPLOYMENT_TARGET = 15.4;
				MARKETING_VERSION = 1.0;
				PRODUCT_BUNDLE_IDENTIFIER = c.NoCalendarTests;
				PRODUCT_NAME = "$(TARGET_NAME)";
				SWIFT_EMIT_LOC_STRINGS = NO;
				SWIFT_VERSION = 5.0;
				TARGETED_DEVICE_FAMILY = "1,2";
				TEST_HOST = "$(BUILT_PRODUCTS_DIR)/NoCalendar.app/NoCalendar";
			};
			name = Release;
		};
		FC4FA7B927FA157800483FEF /* Debug */ = {
			isa = XCBuildConfiguration;
			buildSettings = {
				ALWAYS_EMBED_SWIFT_STANDARD_LIBRARIES = YES;
				CODE_SIGN_STYLE = Automatic;
				CURRENT_PROJECT_VERSION = 1;
				GENERATE_INFOPLIST_FILE = YES;
				MARKETING_VERSION = 1.0;
				PRODUCT_BUNDLE_IDENTIFIER = c.NoCalendarUITests;
				PRODUCT_NAME = "$(TARGET_NAME)";
				SWIFT_EMIT_LOC_STRINGS = NO;
				SWIFT_VERSION = 5.0;
				TARGETED_DEVICE_FAMILY = "1,2";
				TEST_TARGET_NAME = NoCalendar;
			};
			name = Debug;
		};
		FC4FA7BA27FA157800483FEF /* Release */ = {
			isa = XCBuildConfiguration;
			buildSettings = {
				ALWAYS_EMBED_SWIFT_STANDARD_LIBRARIES = YES;
				CODE_SIGN_STYLE = Automatic;
				CURRENT_PROJECT_VERSION = 1;
				GENERATE_INFOPLIST_FILE = YES;
				MARKETING_VERSION = 1.0;
				PRODUCT_BUNDLE_IDENTIFIER = c.NoCalendarUITests;
				PRODUCT_NAME = "$(TARGET_NAME)";
				SWIFT_EMIT_LOC_STRINGS = NO;
				SWIFT_VERSION = 5.0;
				TARGETED_DEVICE_FAMILY = "1,2";
				TEST_TARGET_NAME = NoCalendar;
			};
			name = Release;
		};
/* End XCBuildConfiguration section */

/* Begin XCConfigurationList section */
		FC4FA78327FA157700483FEF /* Build configuration list for PBXProject "NoCalendar" */ = {
			isa = XCConfigurationList;
			buildConfigurations = (
				FC4FA7B027FA157800483FEF /* Debug */,
				FC4FA7B127FA157800483FEF /* Release */,
			);
			defaultConfigurationIsVisible = 0;
			defaultConfigurationName = Release;
		};
		FC4FA7B227FA157800483FEF /* Build configuration list for PBXNativeTarget "NoCalendar" */ = {
			isa = XCConfigurationList;
			buildConfigurations = (
				FC4FA7B327FA157800483FEF /* Debug */,
				FC4FA7B427FA157800483FEF /* Release */,
			);
			defaultConfigurationIsVisible = 0;
			defaultConfigurationName = Release;
		};
		FC4FA7B527FA157800483FEF /* Build configuration list for PBXNativeTarget "NoCalendarTests" */ = {
			isa = XCConfigurationList;
			buildConfigurations = (
				FC4FA7B627FA157800483FEF /* Debug */,
				FC4FA7B727FA157800483FEF /* Release */,
			);
			defaultConfigurationIsVisible = 0;
			defaultConfigurationName = Release;
		};
		FC4FA7B827FA157800483FEF /* Build configuration list for PBXNativeTarget "NoCalendarUITests" */ = {
			isa = XCConfigurationList;
			buildConfigurations = (
				FC4FA7B927FA157800483FEF /* Debug */,
				FC4FA7BA27FA157800483FEF /* Release */,
			);
			defaultConfigurationIsVisible = 0;
			defaultConfigurationName = Release;
		};
/* End XCConfigurationList section */
	};
	rootObject = FC4FA78027FA157700483FEF /* Project object */;
}
